
Microsoft Visual Studio Solution File, Format Version 12.00
# Visual Studio Version 17
VisualStudioVersion = 17.7.34003.232
MinimumVisualStudioVersion = 10.0.40219.1
Project("{FAE04EC0-301F-11D3-BF4B-00C04F79EFBC}") = "Practica", "Practica.csproj", "{EBC52893-4028-40FA-80A0-FCC937724D74}"
EndProject
Global
	GlobalSection(SolutionConfigurationPlatforms) = preSolution
		Debug|Any CPU = Debug|Any CPU
		Release|Any CPU = Release|Any CPU
	EndGlobalSection
	GlobalSection(ProjectConfigurationPlatforms) = postSolution
		{EBC52893-4028-40FA-80A0-FCC937724D74}.Debug|Any CPU.ActiveCfg = Debug|Any CPU
		{EBC52893-4028-40FA-80A0-FCC937724D74}.Debug|Any CPU.Build.0 = Debug|Any CPU
		{EBC52893-4028-40FA-80A0-FCC937724D74}.Release|Any CPU.ActiveCfg = Release|Any CPU
		{EBC52893-4028-40FA-80A0-FCC937724D74}.Release|Any CPU.Build.0 = Release|Any CPU
	EndGlobalSection
	GlobalSection(SolutionProperties) = preSolution
		HideSolutionNode = FALSE
	EndGlobalSection
	GlobalSection(ExtensibilityGlobals) = postSolution
		SolutionGuid = {EE18AAE5-55FC-4342-B480-FED9AB4CAF13}
	EndGlobalSection
EndGlobal
